
Microsoft Visual Studio Solution File, Format Version 12.00
# Visual Studio Version 16
VisualStudioVersion = 16.0.33801.447
MinimumVisualStudioVersion = 10.0.40219.1
Project("{2150E333-8FDC-42A3-9474-1A3956D46DE8}") = "Documents", "Documents", "{D866647D-1104-4DE0-8AAF-34305E8F1870}"
	ProjectSection(SolutionItems) = preProject
		Documents\1_Visual ETL with SSIS_Ch07.pdf = Documents\1_Visual ETL with SSIS_Ch07.pdf
		Documents\1_Visual ETL with SSIS_Ch08_Optional.pdf = Documents\1_Visual ETL with SSIS_Ch08_Optional.pdf
		Documents\3_Assignment04MetadataWorksheet.xlsx = Documents\3_Assignment04MetadataWorksheet.xlsx
	EndProjectSection
EndProject
Project("{2150E333-8FDC-42A3-9474-1A3956D46DE8}") = "Scripts", "Scripts", "{957A7917-EC40-4E5E-97AB-B4B064FC8C81}"
	ProjectSection(SolutionItems) = preProject
		Scripts\2_Assignment04SourceDatabase.sql = Scripts\2_Assignment04SourceDatabase.sql
		Scripts\4_Assignment04DWDatabase.sql = Scripts\4_Assignment04DWDatabase.sql
		Scripts\5_Assignment04ETL.sql = Scripts\5_Assignment04ETL.sql
	EndProjectSection
EndProject
Project("{2150E333-8FDC-42A3-9474-1A3956D46DE8}") = "Reports", "Reports", "{89917C57-3849-4BCB-9D9D-665B8D21AF5E}"
	ProjectSection(SolutionItems) = preProject
		Reports\ETLLogReport.rdl = Reports\ETLLogReport.rdl
	EndProjectSection
EndProject
Project("{C9674DCB-5085-4A16-B785-4C70DD1589BD}") = "A04ETLProcess", "A04ETLProcess\A04ETLProcess.dtproj", "{E652DB2A-D559-47AF-AD77-BC32E4CE7057}"
EndProject
Global
	GlobalSection(SolutionConfigurationPlatforms) = preSolution
		Development|Default = Development|Default
	EndGlobalSection
	GlobalSection(ProjectConfigurationPlatforms) = postSolution
		{E652DB2A-D559-47AF-AD77-BC32E4CE7057}.Development|Default.ActiveCfg = Development
		{E652DB2A-D559-47AF-AD77-BC32E4CE7057}.Development|Default.Build.0 = Development
	EndGlobalSection
	GlobalSection(SolutionProperties) = preSolution
		HideSolutionNode = FALSE
	EndGlobalSection
	GlobalSection(ExtensibilityGlobals) = postSolution
		SolutionGuid = {7B7B1B3D-D571-4756-A66D-8EB1D924EDE4}
	EndGlobalSection
EndGlobal
