
Microsoft Visual Studio Solution File, Format Version 11.00
# Visual Studio 2010
Project("{F14B399A-7131-4C87-9E4B-1186C45EF12D}") = "Report Parameter Demos", "Report Parameter Demos\Report Parameter Demos.rptproj", "{37970633-180A-4736-B2F2-85AF819253AF}"
EndProject
Global
	GlobalSection(SolutionConfigurationPlatforms) = preSolution
		Debug|Default = Debug|Default
		DebugLocal|Default = DebugLocal|Default
		Release|Default = Release|Default
	EndGlobalSection
	GlobalSection(ProjectConfigurationPlatforms) = postSolution
		{37970633-180A-4736-B2F2-85AF819253AF}.Debug|Default.ActiveCfg = Debug
		{37970633-180A-4736-B2F2-85AF819253AF}.Debug|Default.Build.0 = DebugLocal
		{37970633-180A-4736-B2F2-85AF819253AF}.Debug|Default.Deploy.0 = DebugLocal
		{37970633-180A-4736-B2F2-85AF819253AF}.DebugLocal|Default.ActiveCfg = DebugLocal
		{37970633-180A-4736-B2F2-85AF819253AF}.DebugLocal|Default.Build.0 = DebugLocal
		{37970633-180A-4736-B2F2-85AF819253AF}.Release|Default.ActiveCfg = Release
		{37970633-180A-4736-B2F2-85AF819253AF}.Release|Default.Build.0 = Release
		{37970633-180A-4736-B2F2-85AF819253AF}.Release|Default.Deploy.0 = Release
	EndGlobalSection
	GlobalSection(SolutionProperties) = preSolution
		HideSolutionNode = FALSE
	EndGlobalSection
EndGlobal
